
Microsoft Visual Studio Solution File, Format Version 11.00
# Visual Studio 2010
Project("{FAE04EC0-301F-11D3-BF4B-00C04F79EFBC}") = "WebApp", "WebApp\WebApp.csproj", "{70722B5A-A280-4990-B425-1C7304044195}"
EndProject
Project("{FAE04EC0-301F-11D3-BF4B-00C04F79EFBC}") = "DomainModel", "DomainModel\DomainModel.csproj", "{1E4B6F3C-4701-49B4-81F2-83FE312CAE95}"
EndProject
Project("{2150E333-8FDC-42A3-9474-1A3956D46DE8}") = ".nuget", ".nuget", "{F2E48538-C663-46AD-A515-19F45E04771A}"
	ProjectSection(SolutionItems) = preProject
		.nuget\packages.config = .nuget\packages.config
	EndProjectSection
EndProject
Global
	GlobalSection(SolutionConfigurationPlatforms) = preSolution
		Debug|Any CPU = Debug|Any CPU
		Release|Any CPU = Release|Any CPU
	EndGlobalSection
	GlobalSection(ProjectConfigurationPlatforms) = postSolution
		{70722B5A-A280-4990-B425-1C7304044195}.Debug|Any CPU.ActiveCfg = Debug|Any CPU
		{70722B5A-A280-4990-B425-1C7304044195}.Debug|Any CPU.Build.0 = Debug|Any CPU
		{70722B5A-A280-4990-B425-1C7304044195}.Release|Any CPU.ActiveCfg = Release|Any CPU
		{70722B5A-A280-4990-B425-1C7304044195}.Release|Any CPU.Build.0 = Release|Any CPU
		{1E4B6F3C-4701-49B4-81F2-83FE312CAE95}.Debug|Any CPU.ActiveCfg = Debug|Any CPU
		{1E4B6F3C-4701-49B4-81F2-83FE312CAE95}.Debug|Any CPU.Build.0 = Debug|Any CPU
		{1E4B6F3C-4701-49B4-81F2-83FE312CAE95}.Release|Any CPU.ActiveCfg = Release|Any CPU
		{1E4B6F3C-4701-49B4-81F2-83FE312CAE95}.Release|Any CPU.Build.0 = Release|Any CPU
	EndGlobalSection
	GlobalSection(SolutionProperties) = preSolution
		HideSolutionNode = FALSE
	EndGlobalSection
	GlobalSection(NDepend) = preSolution
		Project = ".\WebApp.ndproj"
	EndGlobalSection
EndGlobal
